
Microsoft Visual Studio Solution File, Format Version 12.00
# Visual Studio Version 17
VisualStudioVersion = 17.3.32929.385
MinimumVisualStudioVersion = 10.0.40219.1
Project("{FAE04EC0-301F-11D3-BF4B-00C04F79EFBC}") = "ConsoleTest", "ConsoleTest\ConsoleTest.csproj", "{4A709A98-444F-4B96-83B2-DDE0388A414C}"
EndProject
Global
	GlobalSection(SolutionConfigurationPlatforms) = preSolution
		Debug|Any CPU = Debug|Any CPU
		Release|Any CPU = Release|Any CPU
	EndGlobalSection
	GlobalSection(ProjectConfigurationPlatforms) = postSolution
		{4A709A98-444F-4B96-83B2-DDE0388A414C}.Debug|Any CPU.ActiveCfg = Debug|Any CPU
		{4A709A98-444F-4B96-83B2-DDE0388A414C}.Debug|Any CPU.Build.0 = Debug|Any CPU
		{4A709A98-444F-4B96-83B2-DDE0388A414C}.Release|Any CPU.ActiveCfg = Release|Any CPU
		{4A709A98-444F-4B96-83B2-DDE0388A414C}.Release|Any CPU.Build.0 = Release|Any CPU
	EndGlobalSection
	GlobalSection(SolutionProperties) = preSolution
		HideSolutionNode = FALSE
	EndGlobalSection
	GlobalSection(ExtensibilityGlobals) = postSolution
		SolutionGuid = {2919C7EA-713E-43A4-A8BB-5A6416CCFB16}
	EndGlobalSection
EndGlobal
